
Microsoft Visual Studio Solution File, Format Version 12.00
# Visual Studio Version 18
VisualStudioVersion = 18.2.11430.68
MinimumVisualStudioVersion = 10.0.40219.1
Project("{9A19103F-16F7-4668-BE54-9A1E7A4F7556}") = "HedgeMatEdit", "HedgeMatEdit\HedgeMatEdit.csproj", "{FFDBFB8B-E8DF-4D51-97F9-E2E5E850AB01}"
EndProject
Project("{2150E333-8FDC-42A3-9474-1A3956D46DE8}") = ".solutionItems", ".solutionItems", "{92E208D5-C508-44B4-A104-F4438F3584B9}"
	ProjectSection(SolutionItems) = preProject
		.gitignore = .gitignore
		publishAll.bat = publishAll.bat
		README.md = README.md
	EndProjectSection
EndProject
Global
	GlobalSection(SolutionConfigurationPlatforms) = preSolution
		Debug|Any CPU = Debug|Any CPU
		Release|Any CPU = Release|Any CPU
	EndGlobalSection
	GlobalSection(ProjectConfigurationPlatforms) = postSolution
		{FFDBFB8B-E8DF-4D51-97F9-E2E5E850AB01}.Debug|Any CPU.ActiveCfg = Debug|Any CPU
		{FFDBFB8B-E8DF-4D51-97F9-E2E5E850AB01}.Debug|Any CPU.Build.0 = Debug|Any CPU
		{FFDBFB8B-E8DF-4D51-97F9-E2E5E850AB01}.Release|Any CPU.ActiveCfg = Release|Any CPU
		{FFDBFB8B-E8DF-4D51-97F9-E2E5E850AB01}.Release|Any CPU.Build.0 = Release|Any CPU
	EndGlobalSection
	GlobalSection(SolutionProperties) = preSolution
		HideSolutionNode = FALSE
	EndGlobalSection
	GlobalSection(ExtensibilityGlobals) = postSolution
		SolutionGuid = {5EE11B38-0F21-4D08-A404-E1A2863F4A2A}
	EndGlobalSection
EndGlobal
